// !$*UTF8*$!
{
	archiveVersion = 1;
	classes = {
	};
	objectVersion = 56;
	objects = {

/* Begin PBXBuildFile section */
		3390A1E72900FBB10082036F /* AppDelegate.swift in Sources */ = {isa = PBXBuildFile; fileRef = 3390A1E62900FBB10082036F /* AppDelegate.swift */; };
		3390A1E92900FBB10082036F /* SceneDelegate.swift in Sources */ = {isa = PBXBuildFile; fileRef = 3390A1E82900FBB10082036F /* SceneDelegate.swift */; };
		3390A1EE2900FBB10082036F /* Main.storyboard in Resources */ = {isa = PBXBuildFile; fileRef = 3390A1EC2900FBB10082036F /* Main.storyboard */; };
		3390A1F02900FBB30082036F /* Assets.xcassets in Resources */ = {isa = PBXBuildFile; fileRef = 3390A1EF2900FBB30082036F /* Assets.xcassets */; };
		3390A1F32900FBB30082036F /* LaunchScreen.storyboard in Resources */ = {isa = PBXBuildFile; fileRef = 3390A1F12900FBB30082036F /* LaunchScreen.storyboard */; };
		3390A1FB2900FC200082036F /* showCatTableViewController.swift in Sources */ = {isa = PBXBuildFile; fileRef = 3390A1FA2900FC200082036F /* showCatTableViewController.swift */; };
		3390A1FF2900FDAA0082036F /* CatItem.swift in Sources */ = {isa = PBXBuildFile; fileRef = 3390A1FE2900FDAA0082036F /* CatItem.swift */; };
		3390A20429011D010082036F /* Kingfisher in Frameworks */ = {isa = PBXBuildFile; productRef = 3390A20329011D010082036F /* Kingfisher */; };
		3390A206290123E50082036F /* ShowCatTableViewCell.swift in Sources */ = {isa = PBXBuildFile; fileRef = 3390A205290123E50082036F /* ShowCatTableViewCell.swift */; };
/* End PBXBuildFile section */

/* Begin PBXFileReference section */
		3390A1E32900FBB10082036F /* ShowCatImageDemo.app */ = {isa = PBXFileReference; explicitFileType = wrapper.application; includeInIndex = 0; path = ShowCatImageDemo.app; sourceTree = BUILT_PRODUCTS_DIR; };
		3390A1E62900FBB10082036F /* AppDelegate.swift */ = {isa = PBXFileReference; lastKnownFileType = sourcecode.swift; path = AppDelegate.swift; sourceTree = "<group>"; };
		3390A1E82900FBB10082036F /* SceneDelegate.swift */ = {isa = PBXFileReference; lastKnownFileType = sourcecode.swift; path = SceneDelegate.swift; sourceTree = "<group>"; };
		3390A1ED2900FBB10082036F /* Base */ = {isa = PBXFileReference; lastKnownFileType = file.storyboard; name = Base; path = Base.lproj/Main.storyboard; sourceTree = "<group>"; };
		3390A1EF2900FBB30082036F /* Assets.xcassets */ = {isa = PBXFileReference; lastKnownFileType = folder.assetcatalog; path = Assets.xcassets; sourceTree = "<group>"; };
		3390A1F22900FBB30082036F /* Base */ = {isa = PBXFileReference; lastKnownFileType = file.storyboard; name = Base; path = Base.lproj/LaunchScreen.storyboard; sourceTree = "<group>"; };
		3390A1F42900FBB30082036F /* Info.plist */ = {isa = PBXFileReference; lastKnownFileType = text.plist.xml; path = Info.plist; sourceTree = "<group>"; };
		3390A1FA2900FC200082036F /* showCatTableViewController.swift */ = {isa = PBXFileReference; lastKnownFileType = sourcecode.swift; path = showCatTableViewController.swift; sourceTree = "<group>"; };
		3390A1FE2900FDAA0082036F /* CatItem.swift */ = {isa = PBXFileReference; lastKnownFileType = sourcecode.swift; path = CatItem.swift; sourceTree = "<group>"; };
		3390A205290123E50082036F /* ShowCatTableViewCell.swift */ = {isa = PBXFileReference; lastKnownFileType = sourcecode.swift; path = ShowCatTableViewCell.swift; sourceTree = "<group>"; };
/* End PBXFileReference section */

/* Begin PBXFrameworksBuildPhase section */
		3390A1E02900FBB10082036F /* Frameworks */ = {
			isa = PBXFrameworksBuildPhase;
			buildActionMask = 2147483647;
			files = (
				3390A20429011D010082036F /* Kingfisher in Frameworks */,
			);
			runOnlyForDeploymentPostprocessing = 0;
		};
/* End PBXFrameworksBuildPhase section */

/* Begin PBXGroup section */
		3390A1DA2900FBB10082036F = {
			isa = PBXGroup;
			children = (
				3390A1E52900FBB10082036F /* ShowCatImageDemo */,
				3390A1E42900FBB10082036F /* Products */,
			);
			sourceTree = "<group>";
		};
		3390A1E42900FBB10082036F /* Products */ = {
			isa = PBXGroup;
			children = (
				3390A1E32900FBB10082036F /* ShowCatImageDemo.app */,
			);
			name = Products;
			sourceTree = "<group>";
		};
		3390A1E52900FBB10082036F /* ShowCatImageDemo */ = {
			isa = PBXGroup;
			children = (
				3390A1E62900FBB10082036F /* AppDelegate.swift */,
				3390A1E82900FBB10082036F /* SceneDelegate.swift */,
				3390A1EC2900FBB10082036F /* Main.storyboard */,
				3390A1EF2900FBB30082036F /* Assets.xcassets */,
				3390A1F12900FBB30082036F /* LaunchScreen.storyboard */,
				3390A1F42900FBB30082036F /* Info.plist */,
				3390A1FA2900FC200082036F /* showCatTableViewController.swift */,
				3390A1FE2900FDAA0082036F /* CatItem.swift */,
				3390A205290123E50082036F /* ShowCatTableViewCell.swift */,
			);
			path = ShowCatImageDemo;
			sourceTree = "<group>";
		};
/* End PBXGroup section */

/* Begin PBXNativeTarget section */
		3390A1E22900FBB10082036F /* ShowCatImageDemo */ = {
			isa = PBXNativeTarget;
			buildConfigurationList = 3390A1F72900FBB30082036F /* Build configuration list for PBXNativeTarget "ShowCatImageDemo" */;
			buildPhases = (
				3390A1DF2900FBB10082036F /* Sources */,
				3390A1E02900FBB10082036F /* Frameworks */,
				3390A1E12900FBB10082036F /* Resources */,
			);
			buildRules = (
			);
			dependencies = (
			);
			name = ShowCatImageDemo;
			packageProductDependencies = (
				3390A20329011D010082036F /* Kingfisher */,
			);
			productName = ShowCatImageDemo;
			productReference = 3390A1E32900FBB10082036F /* ShowCatImageDemo.app */;
			productType = "com.apple.product-type.application";
		};
/* End PBXNativeTarget section */

/* Begin PBXProject section */
		3390A1DB2900FBB10082036F /* Project object */ = {
			isa = PBXProject;
			attributes = {
				BuildIndependentTargetsInParallel = 1;
				LastSwiftUpdateCheck = 1400;
				LastUpgradeCheck = 1400;
				TargetAttributes = {
					3390A1E22900FBB10082036F = {
						CreatedOnToolsVersion = 14.0.1;
					};
				};
			};
			buildConfigurationList = 3390A1DE2900FBB10082036F /* Build configuration list for PBXProject "ShowCatImageDemo" */;
			compatibilityVersion = "Xcode 14.0";
			developmentRegion = en;
			hasScannedForEncodings = 0;
			knownRegions = (
				en,
				Base,
			);
			mainGroup = 3390A1DA2900FBB10082036F;
			packageReferences = (
				3390A20229011D010082036F /* XCRemoteSwiftPackageReference "Kingfisher" */,
			);
			productRefGroup = 3390A1E42900FBB10082036F /* Products */;
			projectDirPath = "";
			projectRoot = "";
			targets = (
				3390A1E22900FBB10082036F /* ShowCatImageDemo */,
			);
		};
/* End PBXProject section */

/* Begin PBXResourcesBuildPhase section */
		3390A1E12900FBB10082036F /* Resources */ = {
			isa = PBXResourcesBuildPhase;
			buildActionMask = 2147483647;
			files = (
				3390A1F32900FBB30082036F /* LaunchScreen.storyboard in Resources */,
				3390A1F02900FBB30082036F /* Assets.xcassets in Resources */,
				3390A1EE2900FBB10082036F /* Main.storyboard in Resources */,
			);
			runOnlyForDeploymentPostprocessing = 0;
		};
/* End PBXResourcesBuildPhase section */

/* Begin PBXSourcesBuildPhase section */
		3390A1DF2900FBB10082036F /* Sources */ = {
			isa = PBXSourcesBuildPhase;
			buildActionMask = 2147483647;
			files = (
				3390A1E72900FBB10082036F /* AppDelegate.swift in Sources */,
				3390A1FF2900FDAA0082036F /* CatItem.swift in Sources */,
				3390A206290123E50082036F /* ShowCatTableViewCell.swift in Sources */,
				3390A1E92900FBB10082036F /* SceneDelegate.swift in Sources */,
				3390A1FB2900FC200082036F /* showCatTableViewController.swift in Sources */,
			);
			runOnlyForDeploymentPostprocessing = 0;
		};
/* End PBXSourcesBuildPhase section */

/* Begin PBXVariantGroup section */
		3390A1EC2900FBB10082036F /* Main.storyboard */ = {
			isa = PBXVariantGroup;
			children = (
				3390A1ED2900FBB10082036F /* Base */,
			);
			name = Main.storyboard;
			sourceTree = "<group>";
		};
		3390A1F12900FBB30082036F /* LaunchScreen.storyboard */ = {
			isa = PBXVariantGroup;
			children = (
				3390A1F22900FBB30082036F /* Base */,
			);
			name = LaunchScreen.storyboard;
			sourceTree = "<group>";
		};
/* End PBXVariantGroup section */

/* Begin XCBuildConfiguration section */
		3390A1F52900FBB30082036F /* Debug */ = {
			isa = XCBuildConfiguration;
			buildSettings = {
				ALWAYS_SEARCH_USER_PATHS = NO;
				CLANG_ANALYZER_NONNULL = YES;
				CLANG_ANALYZER_NUMBER_OBJECT_CONVERSION = YES_AGGRESSIVE;
				CLANG_CXX_LANGUAGE_STANDARD = "gnu++20";
				CLANG_ENABLE_MODULES = YES;
				CLANG_ENABLE_OBJC_ARC = YES;
				CLANG_ENABLE_OBJC_WEAK = YES;
				CLANG_WARN_BLOCK_CAPTURE_AUTORELEASING = YES;
				CLANG_WARN_BOOL_CONVERSION = YES;
				CLANG_WARN_COMMA = YES;
				CLANG_WARN_CONSTANT_CONVERSION = YES;
				CLANG_WARN_DEPRECATED_OBJC_IMPLEMENTATIONS = YES;
				CLANG_WARN_DIRECT_OBJC_ISA_USAGE = YES_ERROR;
				CLANG_WARN_DOCUMENTATION_COMMENTS = YES;
				CLANG_WARN_EMPTY_BODY = YES;
				CLANG_WARN_ENUM_CONVERSION = YES;
				CLANG_WARN_INFINITE_RECURSION = YES;
				CLANG_WARN_INT_CONVERSION = YES;
				CLANG_WARN_NON_LITERAL_NULL_CONVERSION = YES;
				CLANG_WARN_OBJC_IMPLICIT_RETAIN_SELF = YES;
				CLANG_WARN_OBJC_LITERAL_CONVERSION = YES;
				CLANG_WARN_OBJC_ROOT_CLASS = YES_ERROR;
				CLANG_WARN_QUOTED_INCLUDE_IN_FRAMEWORK_HEADER = YES;
				CLANG_WARN_RANGE_LOOP_ANALYSIS = YES;
				CLANG_WARN_STRICT_PROTOTYPES = YES;
				CLANG_WARN_SUSPICIOUS_MOVE = YES;
				CLANG_WARN_UNGUARDED_AVAILABILITY = YES_AGGRESSIVE;
				CLANG_WARN_UNREACHABLE_CODE = YES;
				CLANG_WARN__DUPLICATE_METHOD_MATCH = YES;
				COPY_PHASE_STRIP = NO;
				DEBUG_INFORMATION_FORMAT = dwarf;
				ENABLE_STRICT_OBJC_MSGSEND = YES;
				ENABLE_TESTABILITY = YES;
				GCC_C_LANGUAGE_STANDARD = gnu11;
				GCC_DYNAMIC_NO_PIC = NO;
				GCC_NO_COMMON_BLOCKS = YES;
				GCC_OPTIMIZATION_LEVEL = 0;
				GCC_PREPROCESSOR_DEFINITIONS = (
					"DEBUG=1",
					"$(inherited)",
				);
				GCC_WARN_64_TO_32_BIT_CONVERSION = YES;
				GCC_WARN_ABOUT_RETURN_TYPE = YES_ERROR;
				GCC_WARN_UNDECLARED_SELECTOR = YES;
				GCC_WARN_UNINITIALIZED_AUTOS = YES_AGGRESSIVE;
				GCC_WARN_UNUSED_FUNCTION = YES;
				GCC_WARN_UNUSED_VARIABLE = YES;
				IPHONEOS_DEPLOYMENT_TARGET = 16.0;
				MTL_ENABLE_DEBUG_INFO = INCLUDE_SOURCE;
				MTL_FAST_MATH = YES;
				ONLY_ACTIVE_ARCH = YES;
				SDKROOT = iphoneos;
				SWIFT_ACTIVE_COMPILATION_CONDITIONS = DEBUG;
				SWIFT_OPTIMIZATION_LEVEL = "-Onone";
			};
			name = Debug;
		};
		3390A1F62900FBB30082036F /* Release */ = {
			isa = XCBuildConfiguration;
			buildSettings = {
				ALWAYS_SEARCH_USER_PATHS = NO;
				CLANG_ANALYZER_NONNULL = YES;
				CLANG_ANALYZER_NUMBER_OBJECT_CONVERSION = YES_AGGRESSIVE;
				CLANG_CXX_LANGUAGE_STANDARD = "gnu++20";
				CLANG_ENABLE_MODULES = YES;
				CLANG_ENABLE_OBJC_ARC = YES;
				CLANG_ENABLE_OBJC_WEAK = YES;
				CLANG_WARN_BLOCK_CAPTURE_AUTORELEASING = YES;
				CLANG_WARN_BOOL_CONVERSION = YES;
				CLANG_WARN_COMMA = YES;
				CLANG_WARN_CONSTANT_CONVERSION = YES;
				CLANG_WARN_DEPRECATED_OBJC_IMPLEMENTATIONS = YES;
				CLANG_WARN_DIRECT_OBJC_ISA_USAGE = YES_ERROR;
				CLANG_WARN_DOCUMENTATION_COMMENTS = YES;
				CLANG_WARN_EMPTY_BODY = YES;
				CLANG_WARN_ENUM_CONVERSION = YES;
				CLANG_WARN_INFINITE_RECURSION = YES;
				CLANG_WARN_INT_CONVERSION = YES;
				CLANG_WARN_NON_LITERAL_NULL_CONVERSION = YES;
				CLANG_WARN_OBJC_IMPLICIT_RETAIN_SELF = YES;
				CLANG_WARN_OBJC_LITERAL_CONVERSION = YES;
				CLANG_WARN_OBJC_ROOT_CLASS = YES_ERROR;
				CLANG_WARN_QUOTED_INCLUDE_IN_FRAMEWORK_HEADER = YES;
				CLANG_WARN_RANGE_LOOP_ANALYSIS = YES;
				CLANG_WARN_STRICT_PROTOTYPES = YES;
				CLANG_WARN_SUSPICIOUS_MOVE = YES;
				CLANG_WARN_UNGUARDED_AVAILABILITY = YES_AGGRESSIVE;
				CLANG_WARN_UNREACHABLE_CODE = YES;
				CLANG_WARN__DUPLICATE_METHOD_MATCH = YES;
				COPY_PHASE_STRIP = NO;
				DEBUG_INFORMATION_FORMAT = "dwarf-with-dsym";
				ENABLE_NS_ASSERTIONS = NO;
				ENABLE_STRICT_OBJC_MSGSEND = YES;
				GCC_C_LANGUAGE_STANDARD = gnu11;
				GCC_NO_COMMON_BLOCKS = YES;
				GCC_WARN_64_TO_32_BIT_CONVERSION = YES;
				GCC_WARN_ABOUT_RETURN_TYPE = YES_ERROR;
				GCC_WARN_UNDECLARED_SELECTOR = YES;
				GCC_WARN_UNINITIALIZED_AUTOS = YES_AGGRESSIVE;
				GCC_WARN_UNUSED_FUNCTION = YES;
				GCC_WARN_UNUSED_VARIABLE = YES;
				IPHONEOS_DEPLOYMENT_TARGET = 16.0;
				MTL_ENABLE_DEBUG_INFO = NO;
				MTL_FAST_MATH = YES;
				SDKROOT = iphoneos;
				SWIFT_COMPILATION_MODE = wholemodule;
				SWIFT_OPTIMIZATION_LEVEL = "-O";
				VALIDATE_PRODUCT = YES;
			};
			name = Release;
		};
		3390A1F82900FBB30082036F /* Debug */ = {
			isa = XCBuildConfiguration;
			buildSettings = {
				ASSETCATALOG_COMPILER_APPICON_NAME = AppIcon;
				ASSETCATALOG_COMPILER_GLOBAL_ACCENT_COLOR_NAME = AccentColor;
				CODE_SIGN_STYLE = Automatic;
				CURRENT_PROJECT_VERSION = 1;
				DEVELOPMENT_TEAM = 6GGYD5TBCQ;
				GENERATE_INFOPLIST_FILE = YES;
				INFOPLIST_FILE = ShowCatImageDemo/Info.plist;
				INFOPLIST_KEY_UIApplicationSupportsIndirectInputEvents = YES;
				INFOPLIST_KEY_UILaunchStoryboardName = LaunchScreen;
				INFOPLIST_KEY_UIMainStoryboardFile = Main;
				INFOPLIST_KEY_UISupportedInterfaceOrientations_iPad = "UIInterfaceOrientationPortrait UIInterfaceOrientationPortraitUpsideDown UIInterfaceOrientationLandscapeLeft UIInterfaceOrientationLandscapeRight";
				INFOPLIST_KEY_UISupportedInterfaceOrientations_iPhone = "UIInterfaceOrientationPortrait UIInterfaceOrientationLandscapeLeft UIInterfaceOrientationLandscapeRight";
				LD_RUNPATH_SEARCH_PATHS = (
					"$(inherited)",
					"@executable_path/Frameworks",
				);
				MARKETING_VERSION = 1.0;
				PRODUCT_BUNDLE_IDENTIFIER = com.Tai.ShowCatImageDemo;
				PRODUCT_NAME = "$(TARGET_NAME)";
				SWIFT_EMIT_LOC_STRINGS = YES;
				SWIFT_VERSION = 5.0;
				TARGETED_DEVICE_FAMILY = "1,2";
			};
			name = Debug;
		};
		3390A1F92900FBB30082036F /* Release */ = {
			isa = XCBuildConfiguration;
			buildSettings = {
				ASSETCATALOG_COMPILER_APPICON_NAME = AppIcon;
				ASSETCATALOG_COMPILER_GLOBAL_ACCENT_COLOR_NAME = AccentColor;
				CODE_SIGN_STYLE = Automatic;
				CURRENT_PROJECT_VERSION = 1;
				DEVELOPMENT_TEAM = 6GGYD5TBCQ;
				GENERATE_INFOPLIST_FILE = YES;
				INFOPLIST_FILE = ShowCatImageDemo/Info.plist;
				INFOPLIST_KEY_UIApplicationSupportsIndirectInputEvents = YES;
				INFOPLIST_KEY_UILaunchStoryboardName = LaunchScreen;
				INFOPLIST_KEY_UIMainStoryboardFile = Main;
				INFOPLIST_KEY_UISupportedInterfaceOrientations_iPad = "UIInterfaceOrientationPortrait UIInterfaceOrientationPortraitUpsideDown UIInterfaceOrientationLandscapeLeft UIInterfaceOrientationLandscapeRight";
				INFOPLIST_KEY_UISupportedInterfaceOrientations_iPhone = "UIInterfaceOrientationPortrait UIInterfaceOrientationLandscapeLeft UIInterfaceOrientationLandscapeRight";
				LD_RUNPATH_SEARCH_PATHS = (
					"$(inherited)",
					"@executable_path/Frameworks",
				);
				MARKETING_VERSION = 1.0;
				PRODUCT_BUNDLE_IDENTIFIER = com.Tai.ShowCatImageDemo;
				PRODUCT_NAME = "$(TARGET_NAME)";
				SWIFT_EMIT_LOC_STRINGS = YES;
				SWIFT_VERSION = 5.0;
				TARGETED_DEVICE_FAMILY = "1,2";
			};
			name = Release;
		};
/* End XCBuildConfiguration section */

/* Begin XCConfigurationList section */
		3390A1DE2900FBB10082036F /* Build configuration list for PBXProject "ShowCatImageDemo" */ = {
			isa = XCConfigurationList;
			buildConfigurations = (
				3390A1F52900FBB30082036F /* Debug */,
				3390A1F62900FBB30082036F /* Release */,
			);
			defaultConfigurationIsVisible = 0;
			defaultConfigurationName = Release;
		};
		3390A1F72900FBB30082036F /* Build configuration list for PBXNativeTarget "ShowCatImageDemo" */ = {
			isa = XCConfigurationList;
			buildConfigurations = (
				3390A1F82900FBB30082036F /* Debug */,
				3390A1F92900FBB30082036F /* Release */,
			);
			defaultConfigurationIsVisible = 0;
			defaultConfigurationName = Release;
		};
/* End XCConfigurationList section */

/* Begin XCRemoteSwiftPackageReference section */
		3390A20229011D010082036F /* XCRemoteSwiftPackageReference "Kingfisher" */ = {
			isa = XCRemoteSwiftPackageReference;
			repositoryURL = "https://github.com/onevcat/Kingfisher.git";
			requirement = {
				branch = master;
				kind = branch;
			};
		};
/* End XCRemoteSwiftPackageReference section */

/* Begin XCSwiftPackageProductDependency section */
		3390A20329011D010082036F /* Kingfisher */ = {
			isa = XCSwiftPackageProductDependency;
			package = 3390A20229011D010082036F /* XCRemoteSwiftPackageReference "Kingfisher" */;
			productName = Kingfisher;
		};
/* End XCSwiftPackageProductDependency section */
	};
	rootObject = 3390A1DB2900FBB10082036F /* Project object */;
}
